// !$*UTF8*$!
{
	archiveVersion = 1;
	classes = {
	};
	objectVersion = 51;
	objects = {

/* Begin PBXBuildFile section */
		F8617AAF2467C42E00DA328C /* ChatMessageCell.swift in Sources */ = {isa = PBXBuildFile; fileRef = F8617AAD2467C42D00DA328C /* ChatMessageCell.swift */; };
		F8617AB02467C42E00DA328C /* UserCell.swift in Sources */ = {isa = PBXBuildFile; fileRef = F8617AAE2467C42E00DA328C /* UserCell.swift */; };
		F8617AB32467C43900DA328C /* Message.swift in Sources */ = {isa = PBXBuildFile; fileRef = F8617AB12467C43800DA328C /* Message.swift */; };
		F8617AB42467C43900DA328C /* User.swift in Sources */ = {isa = PBXBuildFile; fileRef = F8617AB22467C43900DA328C /* User.swift */; };
		F8617AB724689BB800DA328C /* NewMessageController.swift in Sources */ = {isa = PBXBuildFile; fileRef = F8617AB524689BB800DA328C /* NewMessageController.swift */; };
		F8617AB824689BB800DA328C /* MessagesController.swift in Sources */ = {isa = PBXBuildFile; fileRef = F8617AB624689BB800DA328C /* MessagesController.swift */; };
		F8617ABB24689BC400DA328C /* LoginController+handlers.swift in Sources */ = {isa = PBXBuildFile; fileRef = F8617AB924689BC300DA328C /* LoginController+handlers.swift */; };
		F8617ABC24689BC400DA328C /* LoginController.swift in Sources */ = {isa = PBXBuildFile; fileRef = F8617ABA24689BC400DA328C /* LoginController.swift */; };
		F8617ABE24689BCF00DA328C /* ChatLogController.swift in Sources */ = {isa = PBXBuildFile; fileRef = F8617ABD24689BCF00DA328C /* ChatLogController.swift */; };
		F8617AC024689DB300DA328C /* Extensions.swift in Sources */ = {isa = PBXBuildFile; fileRef = F8617ABF24689DB300DA328C /* Extensions.swift */; };
		F8617AC42468A27100DA328C /* GoogleService-Info.plist in Resources */ = {isa = PBXBuildFile; fileRef = F8617AC32468A27000DA328C /* GoogleService-Info.plist */; };
		F8F23E5F2CB3FB408BCFBD90 /* Pods_fitnessapp.framework in Frameworks */ = {isa = PBXBuildFile; fileRef = 99FE9C422F16D3F9D2F44D49 /* Pods_fitnessapp.framework */; };
		FA31417D2464B78D00BBF436 /* AppDelegate.swift in Sources */ = {isa = PBXBuildFile; fileRef = FA31417C2464B78D00BBF436 /* AppDelegate.swift */; };
		FA31417F2464B78D00BBF436 /* SceneDelegate.swift in Sources */ = {isa = PBXBuildFile; fileRef = FA31417E2464B78D00BBF436 /* SceneDelegate.swift */; };
		FA3141812464B78D00BBF436 /* ViewController.swift in Sources */ = {isa = PBXBuildFile; fileRef = FA3141802464B78D00BBF436 /* ViewController.swift */; };
		FA3141842464B78D00BBF436 /* Main.storyboard in Resources */ = {isa = PBXBuildFile; fileRef = FA3141822464B78D00BBF436 /* Main.storyboard */; };
		FA3141862464B79200BBF436 /* Assets.xcassets in Resources */ = {isa = PBXBuildFile; fileRef = FA3141852464B79200BBF436 /* Assets.xcassets */; };
		FA3141892464B79200BBF436 /* LaunchScreen.storyboard in Resources */ = {isa = PBXBuildFile; fileRef = FA3141872464B79200BBF436 /* LaunchScreen.storyboard */; };
		FAD4B4E02465D8A60032FF4E /* SignUpViewController.swift in Sources */ = {isa = PBXBuildFile; fileRef = FAD4B4DF2465D8A60032FF4E /* SignUpViewController.swift */; };
		FAD4B4E2246628DD0032FF4E /* Constants.swift in Sources */ = {isa = PBXBuildFile; fileRef = FAD4B4E1246628DC0032FF4E /* Constants.swift */; };
		FAD4B4E424662A9C0032FF4E /* FeedViewController.swift in Sources */ = {isa = PBXBuildFile; fileRef = FAD4B4E324662A9B0032FF4E /* FeedViewController.swift */; };
/* End PBXBuildFile section */

/* Begin PBXFileReference section */
		7B2D8D0F1820FF23A393BD39 /* Pods-fitnessapp.debug.xcconfig */ = {isa = PBXFileReference; includeInIndex = 1; lastKnownFileType = text.xcconfig; name = "Pods-fitnessapp.debug.xcconfig"; path = "Target Support Files/Pods-fitnessapp/Pods-fitnessapp.debug.xcconfig"; sourceTree = "<group>"; };
		99FE9C422F16D3F9D2F44D49 /* Pods_fitnessapp.framework */ = {isa = PBXFileReference; explicitFileType = wrapper.framework; includeInIndex = 0; path = Pods_fitnessapp.framework; sourceTree = BUILT_PRODUCTS_DIR; };
		D75573DE8FF9A11110297093 /* Pods-fitnessapp.release.xcconfig */ = {isa = PBXFileReference; includeInIndex = 1; lastKnownFileType = text.xcconfig; name = "Pods-fitnessapp.release.xcconfig"; path = "Target Support Files/Pods-fitnessapp/Pods-fitnessapp.release.xcconfig"; sourceTree = "<group>"; };
		F8617AAD2467C42D00DA328C /* ChatMessageCell.swift */ = {isa = PBXFileReference; fileEncoding = 4; lastKnownFileType = sourcecode.swift; path = ChatMessageCell.swift; sourceTree = "<group>"; };
		F8617AAE2467C42E00DA328C /* UserCell.swift */ = {isa = PBXFileReference; fileEncoding = 4; lastKnownFileType = sourcecode.swift; path = UserCell.swift; sourceTree = "<group>"; };
		F8617AB12467C43800DA328C /* Message.swift */ = {isa = PBXFileReference; fileEncoding = 4; lastKnownFileType = sourcecode.swift; path = Message.swift; sourceTree = "<group>"; };
		F8617AB22467C43900DA328C /* User.swift */ = {isa = PBXFileReference; fileEncoding = 4; lastKnownFileType = sourcecode.swift; path = User.swift; sourceTree = "<group>"; };
		F8617AB524689BB800DA328C /* NewMessageController.swift */ = {isa = PBXFileReference; fileEncoding = 4; lastKnownFileType = sourcecode.swift; path = NewMessageController.swift; sourceTree = "<group>"; };
		F8617AB624689BB800DA328C /* MessagesController.swift */ = {isa = PBXFileReference; fileEncoding = 4; lastKnownFileType = sourcecode.swift; path = MessagesController.swift; sourceTree = "<group>"; };
		F8617AB924689BC300DA328C /* LoginController+handlers.swift */ = {isa = PBXFileReference; fileEncoding = 4; lastKnownFileType = sourcecode.swift; path = "LoginController+handlers.swift"; sourceTree = "<group>"; };
		F8617ABA24689BC400DA328C /* LoginController.swift */ = {isa = PBXFileReference; fileEncoding = 4; lastKnownFileType = sourcecode.swift; path = LoginController.swift; sourceTree = "<group>"; };
		F8617ABD24689BCF00DA328C /* ChatLogController.swift */ = {isa = PBXFileReference; fileEncoding = 4; lastKnownFileType = sourcecode.swift; path = ChatLogController.swift; sourceTree = "<group>"; };
		F8617ABF24689DB300DA328C /* Extensions.swift */ = {isa = PBXFileReference; fileEncoding = 4; lastKnownFileType = sourcecode.swift; path = Extensions.swift; sourceTree = "<group>"; };
		F8617AC32468A27000DA328C /* GoogleService-Info.plist */ = {isa = PBXFileReference; fileEncoding = 4; lastKnownFileType = text.plist.xml; name = "GoogleService-Info.plist"; path = "../../../../../Downloads/GoogleService-Info.plist"; sourceTree = "<group>"; };
		FA3141792464B78D00BBF436 /* fitnessapp.app */ = {isa = PBXFileReference; explicitFileType = wrapper.application; includeInIndex = 0; path = fitnessapp.app; sourceTree = BUILT_PRODUCTS_DIR; };
		FA31417C2464B78D00BBF436 /* AppDelegate.swift */ = {isa = PBXFileReference; lastKnownFileType = sourcecode.swift; path = AppDelegate.swift; sourceTree = "<group>"; };
		FA31417E2464B78D00BBF436 /* SceneDelegate.swift */ = {isa = PBXFileReference; lastKnownFileType = sourcecode.swift; path = SceneDelegate.swift; sourceTree = "<group>"; };
		FA3141802464B78D00BBF436 /* ViewController.swift */ = {isa = PBXFileReference; lastKnownFileType = sourcecode.swift; path = ViewController.swift; sourceTree = "<group>"; };
		FA3141832464B78D00BBF436 /* Base */ = {isa = PBXFileReference; lastKnownFileType = file.storyboard; name = Base; path = Base.lproj/Main.storyboard; sourceTree = "<group>"; };
		FA3141852464B79200BBF436 /* Assets.xcassets */ = {isa = PBXFileReference; lastKnownFileType = folder.assetcatalog; path = Assets.xcassets; sourceTree = "<group>"; };
		FA3141882464B79200BBF436 /* Base */ = {isa = PBXFileReference; lastKnownFileType = file.storyboard; name = Base; path = Base.lproj/LaunchScreen.storyboard; sourceTree = "<group>"; };
		FA31418A2464B79200BBF436 /* Info.plist */ = {isa = PBXFileReference; lastKnownFileType = text.plist.xml; path = Info.plist; sourceTree = "<group>"; };
		FAD4B4DF2465D8A60032FF4E /* SignUpViewController.swift */ = {isa = PBXFileReference; lastKnownFileType = sourcecode.swift; path = SignUpViewController.swift; sourceTree = "<group>"; };
		FAD4B4E1246628DC0032FF4E /* Constants.swift */ = {isa = PBXFileReference; lastKnownFileType = sourcecode.swift; path = Constants.swift; sourceTree = "<group>"; };
		FAD4B4E324662A9B0032FF4E /* FeedViewController.swift */ = {isa = PBXFileReference; lastKnownFileType = sourcecode.swift; path = FeedViewController.swift; sourceTree = "<group>"; };
/* End PBXFileReference section */

/* Begin PBXFrameworksBuildPhase section */
		FA3141762464B78D00BBF436 /* Frameworks */ = {
			isa = PBXFrameworksBuildPhase;
			buildActionMask = 2147483647;
			files = (
				F8F23E5F2CB3FB408BCFBD90 /* Pods_fitnessapp.framework in Frameworks */,
			);
			runOnlyForDeploymentPostprocessing = 0;
		};
/* End PBXFrameworksBuildPhase section */

/* Begin PBXGroup section */
		5F893A961EFC76A990362277 /* Pods */ = {
			isa = PBXGroup;
			children = (
				7B2D8D0F1820FF23A393BD39 /* Pods-fitnessapp.debug.xcconfig */,
				D75573DE8FF9A11110297093 /* Pods-fitnessapp.release.xcconfig */,
			);
			path = Pods;
			sourceTree = "<group>";
		};
		E5544D4D5409C53C20434F3D /* Frameworks */ = {
			isa = PBXGroup;
			children = (
				99FE9C422F16D3F9D2F44D49 /* Pods_fitnessapp.framework */,
			);
			name = Frameworks;
			sourceTree = "<group>";
		};
		F8013E892467C06900C21EB8 /* Delegates */ = {
			isa = PBXGroup;
			children = (
				FA31417C2464B78D00BBF436 /* AppDelegate.swift */,
				FA31417E2464B78D00BBF436 /* SceneDelegate.swift */,
			);
			path = Delegates;
			sourceTree = "<group>";
		};
		F8013E8A2467C07100C21EB8 /* ViewControllers */ = {
			isa = PBXGroup;
			children = (
				F8617ABA24689BC400DA328C /* LoginController.swift */,
				F8617AB924689BC300DA328C /* LoginController+handlers.swift */,
				F8617AB624689BB800DA328C /* MessagesController.swift */,
				F8617AB524689BB800DA328C /* NewMessageController.swift */,
				FA3141802464B78D00BBF436 /* ViewController.swift */,
				FAD4B4DF2465D8A60032FF4E /* SignUpViewController.swift */,
				FAD4B4E324662A9B0032FF4E /* FeedViewController.swift */,
				F8617ABD24689BCF00DA328C /* ChatLogController.swift */,
			);
			path = ViewControllers;
			sourceTree = "<group>";
		};
		F8013E8B2467C07B00C21EB8 /* Models */ = {
			isa = PBXGroup;
			children = (
				F8617AB12467C43800DA328C /* Message.swift */,
				F8617AB22467C43900DA328C /* User.swift */,
			);
			path = Models;
			sourceTree = "<group>";
		};
		F8617AAC2467C18300DA328C /* Views */ = {
			isa = PBXGroup;
			children = (
				F8617AAD2467C42D00DA328C /* ChatMessageCell.swift */,
				F8617AAE2467C42E00DA328C /* UserCell.swift */,
			);
			path = Views;
			sourceTree = "<group>";
		};
		F8617AC52468A27F00DA328C /* Other */ = {
			isa = PBXGroup;
			children = (
				F8617ABF24689DB300DA328C /* Extensions.swift */,
			);
			path = Other;
			sourceTree = "<group>";
		};
		FA3141702464B78D00BBF436 = {
			isa = PBXGroup;
			children = (
				FA31417B2464B78D00BBF436 /* fitnessapp */,
				FA31417A2464B78D00BBF436 /* Products */,
				5F893A961EFC76A990362277 /* Pods */,
				E5544D4D5409C53C20434F3D /* Frameworks */,
			);
			sourceTree = "<group>";
		};
		FA31417A2464B78D00BBF436 /* Products */ = {
			isa = PBXGroup;
			children = (
				FA3141792464B78D00BBF436 /* fitnessapp.app */,
			);
			name = Products;
			sourceTree = "<group>";
		};
		FA31417B2464B78D00BBF436 /* fitnessapp */ = {
			isa = PBXGroup;
			children = (
				F8617AAC2467C18300DA328C /* Views */,
				F8013E8B2467C07B00C21EB8 /* Models */,
				F8013E8A2467C07100C21EB8 /* ViewControllers */,
				F8013E892467C06900C21EB8 /* Delegates */,
				F8617AC52468A27F00DA328C /* Other */,
				FAD4B4E1246628DC0032FF4E /* Constants.swift */,
				F8617AC32468A27000DA328C /* GoogleService-Info.plist */,
				FA3141822464B78D00BBF436 /* Main.storyboard */,
				FA3141852464B79200BBF436 /* Assets.xcassets */,
				FA3141872464B79200BBF436 /* LaunchScreen.storyboard */,
				FA31418A2464B79200BBF436 /* Info.plist */,
			);
			path = fitnessapp;
			sourceTree = "<group>";
		};
/* End PBXGroup section */

/* Begin PBXNativeTarget section */
		FA3141782464B78D00BBF436 /* fitnessapp */ = {
			isa = PBXNativeTarget;
			buildConfigurationList = FA31418D2464B79200BBF436 /* Build configuration list for PBXNativeTarget "fitnessapp" */;
			buildPhases = (
				2220F2725AFDD930845FA451 /* [CP] Check Pods Manifest.lock */,
				FA3141752464B78D00BBF436 /* Sources */,
				FA3141762464B78D00BBF436 /* Frameworks */,
				FA3141772464B78D00BBF436 /* Resources */,
				A672D9AB13F91EB247B3FB5D /* [CP] Embed Pods Frameworks */,
			);
			buildRules = (
			);
			dependencies = (
			);
			name = fitnessapp;
			productName = fitnessapp;
			productReference = FA3141792464B78D00BBF436 /* fitnessapp.app */;
			productType = "com.apple.product-type.application";
		};
/* End PBXNativeTarget section */

/* Begin PBXProject section */
		FA3141712464B78D00BBF436 /* Project object */ = {
			isa = PBXProject;
			attributes = {
				LastSwiftUpdateCheck = 1140;
				LastUpgradeCheck = 1140;
				ORGANIZATIONNAME = "Julian Castrence";
				TargetAttributes = {
					FA3141782464B78D00BBF436 = {
						CreatedOnToolsVersion = 11.4.1;
					};
				};
			};
			buildConfigurationList = FA3141742464B78D00BBF436 /* Build configuration list for PBXProject "fitnessapp" */;
			compatibilityVersion = "Xcode 9.3";
			developmentRegion = en;
			hasScannedForEncodings = 0;
			knownRegions = (
				en,
				Base,
			);
			mainGroup = FA3141702464B78D00BBF436;
			productRefGroup = FA31417A2464B78D00BBF436 /* Products */;
			projectDirPath = "";
			projectRoot = "";
			targets = (
				FA3141782464B78D00BBF436 /* fitnessapp */,
			);
		};
/* End PBXProject section */

/* Begin PBXResourcesBuildPhase section */
		FA3141772464B78D00BBF436 /* Resources */ = {
			isa = PBXResourcesBuildPhase;
			buildActionMask = 2147483647;
			files = (
				FA3141892464B79200BBF436 /* LaunchScreen.storyboard in Resources */,
				F8617AC42468A27100DA328C /* GoogleService-Info.plist in Resources */,
				FA3141862464B79200BBF436 /* Assets.xcassets in Resources */,
				FA3141842464B78D00BBF436 /* Main.storyboard in Resources */,
			);
			runOnlyForDeploymentPostprocessing = 0;
		};
/* End PBXResourcesBuildPhase section */

/* Begin PBXShellScriptBuildPhase section */
		2220F2725AFDD930845FA451 /* [CP] Check Pods Manifest.lock */ = {
			isa = PBXShellScriptBuildPhase;
			buildActionMask = 2147483647;
			files = (
			);
			inputFileListPaths = (
			);
			inputPaths = (
				"${PODS_PODFILE_DIR_PATH}/Podfile.lock",
				"${PODS_ROOT}/Manifest.lock",
			);
			name = "[CP] Check Pods Manifest.lock";
			outputFileListPaths = (
			);
			outputPaths = (
				"$(DERIVED_FILE_DIR)/Pods-fitnessapp-checkManifestLockResult.txt",
			);
			runOnlyForDeploymentPostprocessing = 0;
			shellPath = /bin/sh;
			shellScript = "diff \"${PODS_PODFILE_DIR_PATH}/Podfile.lock\" \"${PODS_ROOT}/Manifest.lock\" > /dev/null\nif [ $? != 0 ] ; then\n    # print error to STDERR\n    echo \"error: The sandbox is not in sync with the Podfile.lock. Run 'pod install' or update your CocoaPods installation.\" >&2\n    exit 1\nfi\n# This output is used by Xcode 'outputs' to avoid re-running this script phase.\necho \"SUCCESS\" > \"${SCRIPT_OUTPUT_FILE_0}\"\n";
			showEnvVarsInLog = 0;
		};
		A672D9AB13F91EB247B3FB5D /* [CP] Embed Pods Frameworks */ = {
			isa = PBXShellScriptBuildPhase;
			buildActionMask = 2147483647;
			files = (
			);
			inputFileListPaths = (
				"${PODS_ROOT}/Target Support Files/Pods-fitnessapp/Pods-fitnessapp-frameworks-${CONFIGURATION}-input-files.xcfilelist",
			);
			name = "[CP] Embed Pods Frameworks";
			outputFileListPaths = (
				"${PODS_ROOT}/Target Support Files/Pods-fitnessapp/Pods-fitnessapp-frameworks-${CONFIGURATION}-output-files.xcfilelist",
			);
			runOnlyForDeploymentPostprocessing = 0;
			shellPath = /bin/sh;
			shellScript = "\"${PODS_ROOT}/Target Support Files/Pods-fitnessapp/Pods-fitnessapp-frameworks.sh\"\n";
			showEnvVarsInLog = 0;
		};
/* End PBXShellScriptBuildPhase section */

/* Begin PBXSourcesBuildPhase section */
		FA3141752464B78D00BBF436 /* Sources */ = {
			isa = PBXSourcesBuildPhase;
			buildActionMask = 2147483647;
			files = (
				F8617ABE24689BCF00DA328C /* ChatLogController.swift in Sources */,
				F8617AB02467C42E00DA328C /* UserCell.swift in Sources */,
				FAD4B4E2246628DD0032FF4E /* Constants.swift in Sources */,
				FA3141812464B78D00BBF436 /* ViewController.swift in Sources */,
				F8617AB724689BB800DA328C /* NewMessageController.swift in Sources */,
				F8617AB32467C43900DA328C /* Message.swift in Sources */,
				FA31417D2464B78D00BBF436 /* AppDelegate.swift in Sources */,
				FAD4B4E02465D8A60032FF4E /* SignUpViewController.swift in Sources */,
				FAD4B4E424662A9C0032FF4E /* FeedViewController.swift in Sources */,
				F8617ABB24689BC400DA328C /* LoginController+handlers.swift in Sources */,
				F8617AAF2467C42E00DA328C /* ChatMessageCell.swift in Sources */,
				F8617AC024689DB300DA328C /* Extensions.swift in Sources */,
				F8617AB42467C43900DA328C /* User.swift in Sources */,
				FA31417F2464B78D00BBF436 /* SceneDelegate.swift in Sources */,
				F8617AB824689BB800DA328C /* MessagesController.swift in Sources */,
				F8617ABC24689BC400DA328C /* LoginController.swift in Sources */,
			);
			runOnlyForDeploymentPostprocessing = 0;
		};
/* End PBXSourcesBuildPhase section */

/* Begin PBXVariantGroup section */
		FA3141822464B78D00BBF436 /* Main.storyboard */ = {
			isa = PBXVariantGroup;
			children = (
				FA3141832464B78D00BBF436 /* Base */,
			);
			name = Main.storyboard;
			sourceTree = "<group>";
		};
		FA3141872464B79200BBF436 /* LaunchScreen.storyboard */ = {
			isa = PBXVariantGroup;
			children = (
				FA3141882464B79200BBF436 /* Base */,
			);
			name = LaunchScreen.storyboard;
			sourceTree = "<group>";
		};
/* End PBXVariantGroup section */

/* Begin XCBuildConfiguration section */
		FA31418B2464B79200BBF436 /* Debug */ = {
			isa = XCBuildConfiguration;
			buildSettings = {
				ALWAYS_SEARCH_USER_PATHS = NO;
				CLANG_ANALYZER_NONNULL = YES;
				CLANG_ANALYZER_NUMBER_OBJECT_CONVERSION = YES_AGGRESSIVE;
				CLANG_CXX_LANGUAGE_STANDARD = "gnu++14";
				CLANG_CXX_LIBRARY = "libc++";
				CLANG_ENABLE_MODULES = YES;
				CLANG_ENABLE_OBJC_ARC = YES;
				CLANG_ENABLE_OBJC_WEAK = YES;
				CLANG_WARN_BLOCK_CAPTURE_AUTORELEASING = YES;
				CLANG_WARN_BOOL_CONVERSION = YES;
				CLANG_WARN_COMMA = YES;
				CLANG_WARN_CONSTANT_CONVERSION = YES;
				CLANG_WARN_DEPRECATED_OBJC_IMPLEMENTATIONS = YES;
				CLANG_WARN_DIRECT_OBJC_ISA_USAGE = YES_ERROR;
				CLANG_WARN_DOCUMENTATION_COMMENTS = YES;
				CLANG_WARN_EMPTY_BODY = YES;
				CLANG_WARN_ENUM_CONVERSION = YES;
				CLANG_WARN_INFINITE_RECURSION = YES;
				CLANG_WARN_INT_CONVERSION = YES;
				CLANG_WARN_NON_LITERAL_NULL_CONVERSION = YES;
				CLANG_WARN_OBJC_IMPLICIT_RETAIN_SELF = YES;
				CLANG_WARN_OBJC_LITERAL_CONVERSION = YES;
				CLANG_WARN_OBJC_ROOT_CLASS = YES_ERROR;
				CLANG_WARN_RANGE_LOOP_ANALYSIS = YES;
				CLANG_WARN_STRICT_PROTOTYPES = YES;
				CLANG_WARN_SUSPICIOUS_MOVE = YES;
				CLANG_WARN_UNGUARDED_AVAILABILITY = YES_AGGRESSIVE;
				CLANG_WARN_UNREACHABLE_CODE = YES;
				CLANG_WARN__DUPLICATE_METHOD_MATCH = YES;
				COPY_PHASE_STRIP = NO;
				DEBUG_INFORMATION_FORMAT = dwarf;
				ENABLE_STRICT_OBJC_MSGSEND = YES;
				ENABLE_TESTABILITY = YES;
				GCC_C_LANGUAGE_STANDARD = gnu11;
				GCC_DYNAMIC_NO_PIC = NO;
				GCC_NO_COMMON_BLOCKS = YES;
				GCC_OPTIMIZATION_LEVEL = 0;
				GCC_PREPROCESSOR_DEFINITIONS = (
					"DEBUG=1",
					"$(inherited)",
				);
				GCC_WARN_64_TO_32_BIT_CONVERSION = YES;
				GCC_WARN_ABOUT_RETURN_TYPE = YES_ERROR;
				GCC_WARN_UNDECLARED_SELECTOR = YES;
				GCC_WARN_UNINITIALIZED_AUTOS = YES_AGGRESSIVE;
				GCC_WARN_UNUSED_FUNCTION = YES;
				GCC_WARN_UNUSED_VARIABLE = YES;
				IPHONEOS_DEPLOYMENT_TARGET = 13.4;
				MTL_ENABLE_DEBUG_INFO = INCLUDE_SOURCE;
				MTL_FAST_MATH = YES;
				ONLY_ACTIVE_ARCH = YES;
				SDKROOT = iphoneos;
				SWIFT_ACTIVE_COMPILATION_CONDITIONS = DEBUG;
				SWIFT_OPTIMIZATION_LEVEL = "-Onone";
			};
			name = Debug;
		};
		FA31418C2464B79200BBF436 /* Release */ = {
			isa = XCBuildConfiguration;
			buildSettings = {
				ALWAYS_SEARCH_USER_PATHS = NO;
				CLANG_ANALYZER_NONNULL = YES;
				CLANG_ANALYZER_NUMBER_OBJECT_CONVERSION = YES_AGGRESSIVE;
				CLANG_CXX_LANGUAGE_STANDARD = "gnu++14";
				CLANG_CXX_LIBRARY = "libc++";
				CLANG_ENABLE_MODULES = YES;
				CLANG_ENABLE_OBJC_ARC = YES;
				CLANG_ENABLE_OBJC_WEAK = YES;
				CLANG_WARN_BLOCK_CAPTURE_AUTORELEASING = YES;
				CLANG_WARN_BOOL_CONVERSION = YES;
				CLANG_WARN_COMMA = YES;
				CLANG_WARN_CONSTANT_CONVERSION = YES;
				CLANG_WARN_DEPRECATED_OBJC_IMPLEMENTATIONS = YES;
				CLANG_WARN_DIRECT_OBJC_ISA_USAGE = YES_ERROR;
				CLANG_WARN_DOCUMENTATION_COMMENTS = YES;
				CLANG_WARN_EMPTY_BODY = YES;
				CLANG_WARN_ENUM_CONVERSION = YES;
				CLANG_WARN_INFINITE_RECURSION = YES;
				CLANG_WARN_INT_CONVERSION = YES;
				CLANG_WARN_NON_LITERAL_NULL_CONVERSION = YES;
				CLANG_WARN_OBJC_IMPLICIT_RETAIN_SELF = YES;
				CLANG_WARN_OBJC_LITERAL_CONVERSION = YES;
				CLANG_WARN_OBJC_ROOT_CLASS = YES_ERROR;
				CLANG_WARN_RANGE_LOOP_ANALYSIS = YES;
				CLANG_WARN_STRICT_PROTOTYPES = YES;
				CLANG_WARN_SUSPICIOUS_MOVE = YES;
				CLANG_WARN_UNGUARDED_AVAILABILITY = YES_AGGRESSIVE;
				CLANG_WARN_UNREACHABLE_CODE = YES;
				CLANG_WARN__DUPLICATE_METHOD_MATCH = YES;
				COPY_PHASE_STRIP = NO;
				DEBUG_INFORMATION_FORMAT = "dwarf-with-dsym";
				ENABLE_NS_ASSERTIONS = NO;
				ENABLE_STRICT_OBJC_MSGSEND = YES;
				GCC_C_LANGUAGE_STANDARD = gnu11;
				GCC_NO_COMMON_BLOCKS = YES;
				GCC_WARN_64_TO_32_BIT_CONVERSION = YES;
				GCC_WARN_ABOUT_RETURN_TYPE = YES_ERROR;
				GCC_WARN_UNDECLARED_SELECTOR = YES;
				GCC_WARN_UNINITIALIZED_AUTOS = YES_AGGRESSIVE;
				GCC_WARN_UNUSED_FUNCTION = YES;
				GCC_WARN_UNUSED_VARIABLE = YES;
				IPHONEOS_DEPLOYMENT_TARGET = 13.4;
				MTL_ENABLE_DEBUG_INFO = NO;
				MTL_FAST_MATH = YES;
				SDKROOT = iphoneos;
				SWIFT_COMPILATION_MODE = wholemodule;
				SWIFT_OPTIMIZATION_LEVEL = "-O";
				VALIDATE_PRODUCT = YES;
			};
			name = Release;
		};
		FA31418E2464B79200BBF436 /* Debug */ = {
			isa = XCBuildConfiguration;
			baseConfigurationReference = 7B2D8D0F1820FF23A393BD39 /* Pods-fitnessapp.debug.xcconfig */;
			buildSettings = {
				ASSETCATALOG_COMPILER_APPICON_NAME = AppIcon;
				CODE_SIGN_STYLE = Automatic;
				INFOPLIST_FILE = fitnessapp/Info.plist;
				LD_RUNPATH_SEARCH_PATHS = (
					"$(inherited)",
					"@executable_path/Frameworks",
				);
				PRODUCT_BUNDLE_IDENTIFIER = com.jcastrence.fitnessapp;
				PRODUCT_NAME = "$(TARGET_NAME)";
				SWIFT_VERSION = 5.0;
				TARGETED_DEVICE_FAMILY = "1,2";
			};
			name = Debug;
		};
		FA31418F2464B79200BBF436 /* Release */ = {
			isa = XCBuildConfiguration;
			baseConfigurationReference = D75573DE8FF9A11110297093 /* Pods-fitnessapp.release.xcconfig */;
			buildSettings = {
				ASSETCATALOG_COMPILER_APPICON_NAME = AppIcon;
				CODE_SIGN_STYLE = Automatic;
				INFOPLIST_FILE = fitnessapp/Info.plist;
				LD_RUNPATH_SEARCH_PATHS = (
					"$(inherited)",
					"@executable_path/Frameworks",
				);
				PRODUCT_BUNDLE_IDENTIFIER = com.jcastrence.fitnessapp;
				PRODUCT_NAME = "$(TARGET_NAME)";
				SWIFT_VERSION = 5.0;
				TARGETED_DEVICE_FAMILY = "1,2";
			};
			name = Release;
		};
/* End XCBuildConfiguration section */

/* Begin XCConfigurationList section */
		FA3141742464B78D00BBF436 /* Build configuration list for PBXProject "fitnessapp" */ = {
			isa = XCConfigurationList;
			buildConfigurations = (
				FA31418B2464B79200BBF436 /* Debug */,
				FA31418C2464B79200BBF436 /* Release */,
			);
			defaultConfigurationIsVisible = 0;
			defaultConfigurationName = Release;
		};
		FA31418D2464B79200BBF436 /* Build configuration list for PBXNativeTarget "fitnessapp" */ = {
			isa = XCConfigurationList;
			buildConfigurations = (
				FA31418E2464B79200BBF436 /* Debug */,
				FA31418F2464B79200BBF436 /* Release */,
			);
			defaultConfigurationIsVisible = 0;
			defaultConfigurationName = Release;
		};
/* End XCConfigurationList section */
	};
	rootObject = FA3141712464B78D00BBF436 /* Project object */;
}
